
Microsoft Visual Studio Solution File, Format Version 12.00
# Visual Studio Version 17
VisualStudioVersion = 17.14.36221.1 d17.14
MinimumVisualStudioVersion = 10.0.40219.1
Project("{FAE04EC0-301F-11D3-BF4B-00C04F79EFBC}") = "prakt1", "prakt1\prakt1.csproj", "{23DCD693-0942-41D8-BD52-0C5452EDB943}"
EndProject
Global
	GlobalSection(SolutionConfigurationPlatforms) = preSolution
		Debug|Any CPU = Debug|Any CPU
		Release|Any CPU = Release|Any CPU
	EndGlobalSection
	GlobalSection(ProjectConfigurationPlatforms) = postSolution
		{23DCD693-0942-41D8-BD52-0C5452EDB943}.Debug|Any CPU.ActiveCfg = Debug|Any CPU
		{23DCD693-0942-41D8-BD52-0C5452EDB943}.Debug|Any CPU.Build.0 = Debug|Any CPU
		{23DCD693-0942-41D8-BD52-0C5452EDB943}.Release|Any CPU.ActiveCfg = Release|Any CPU
		{23DCD693-0942-41D8-BD52-0C5452EDB943}.Release|Any CPU.Build.0 = Release|Any CPU
	EndGlobalSection
	GlobalSection(SolutionProperties) = preSolution
		HideSolutionNode = FALSE
	EndGlobalSection
	GlobalSection(ExtensibilityGlobals) = postSolution
		SolutionGuid = {4AF1E549-3E66-4008-A8A7-A5F12ABF8797}
	EndGlobalSection
EndGlobal
